
Microsoft Visual Studio Solution File, Format Version 12.00
# Visual Studio Version 17
VisualStudioVersion = 17.10.35027.167
MinimumVisualStudioVersion = 10.0.40219.1
Project("{9A19103F-16F7-4668-BE54-9A1E7A4F7556}") = "Blog.Api", "src\Blog.Api\Blog.Api.csproj", "{01377290-12A9-4954-B80C-361D647D69BE}"
EndProject
Project("{9A19103F-16F7-4668-BE54-9A1E7A4F7556}") = "Blog.Core", "src\Blog.Core\Blog.Core.csproj", "{A8C523E7-C9D1-4872-9FCC-73822F48C0B8}"
EndProject
Project("{9A19103F-16F7-4668-BE54-9A1E7A4F7556}") = "Blog.Data.SqlServer", "src\Blog.Data.SqlServer\Blog.Data.SqlServer.csproj", "{F31EB85A-D929-40F0-8712-55185853FC7F}"
EndProject
Project("{9A19103F-16F7-4668-BE54-9A1E7A4F7556}") = "Blog.Data.RabbitMq", "src\Blog.Data.RabbitMq\Blog.Data.RabbitMq.csproj", "{16625D07-964A-4419-B975-09244212C5EC}"
EndProject
Project("{9A19103F-16F7-4668-BE54-9A1E7A4F7556}") = "Blog.Worker", "src\Blog.Worker\Blog.Worker.csproj", "{23B9CE5F-9092-4D0A-8324-7D400C280931}"
EndProject
Project("{2150E333-8FDC-42A3-9474-1A3956D46DE8}") = "Entrypoint", "Entrypoint", "{058314E1-8E8B-4B94-9C9E-1685A0ED31A8}"
EndProject
Project("{2150E333-8FDC-42A3-9474-1A3956D46DE8}") = "Infra", "Infra", "{9640D59F-FEDB-4CFF-B186-6CA6D4B8F5F6}"
EndProject
Project("{2150E333-8FDC-42A3-9474-1A3956D46DE8}") = "Core", "Core", "{39CE87C4-E404-491E-9317-D31BAF418FE6}"
EndProject
Project("{9A19103F-16F7-4668-BE54-9A1E7A4F7556}") = "Blog.Data.MongoDb", "src\Blog.Data.MongoDb\Blog.Data.MongoDb.csproj", "{F483583E-F9C4-4222-B739-06A2E94BE764}"
EndProject
Project("{2150E333-8FDC-42A3-9474-1A3956D46DE8}") = "src", "src", "{FA78EB76-6741-46D8-AE63-732F66854BCB}"
EndProject
Project("{2150E333-8FDC-42A3-9474-1A3956D46DE8}") = "tests", "tests", "{35168013-D344-4891-B715-4011F44C36E0}"
EndProject
Project("{9A19103F-16F7-4668-BE54-9A1E7A4F7556}") = "Blog.UnitTests", "tests\Blog.UnitTests\Blog.UnitTests.csproj", "{14BB09C7-C7A8-4BD1-9F89-E0FDC3109324}"
EndProject
Global
	GlobalSection(SolutionConfigurationPlatforms) = preSolution
		Debug|Any CPU = Debug|Any CPU
		Release|Any CPU = Release|Any CPU
	EndGlobalSection
	GlobalSection(ProjectConfigurationPlatforms) = postSolution
		{01377290-12A9-4954-B80C-361D647D69BE}.Debug|Any CPU.ActiveCfg = Debug|Any CPU
		{01377290-12A9-4954-B80C-361D647D69BE}.Debug|Any CPU.Build.0 = Debug|Any CPU
		{01377290-12A9-4954-B80C-361D647D69BE}.Release|Any CPU.ActiveCfg = Release|Any CPU
		{01377290-12A9-4954-B80C-361D647D69BE}.Release|Any CPU.Build.0 = Release|Any CPU
		{A8C523E7-C9D1-4872-9FCC-73822F48C0B8}.Debug|Any CPU.ActiveCfg = Debug|Any CPU
		{A8C523E7-C9D1-4872-9FCC-73822F48C0B8}.Debug|Any CPU.Build.0 = Debug|Any CPU
		{A8C523E7-C9D1-4872-9FCC-73822F48C0B8}.Release|Any CPU.ActiveCfg = Release|Any CPU
		{A8C523E7-C9D1-4872-9FCC-73822F48C0B8}.Release|Any CPU.Build.0 = Release|Any CPU
		{F31EB85A-D929-40F0-8712-55185853FC7F}.Debug|Any CPU.ActiveCfg = Debug|Any CPU
		{F31EB85A-D929-40F0-8712-55185853FC7F}.Debug|Any CPU.Build.0 = Debug|Any CPU
		{F31EB85A-D929-40F0-8712-55185853FC7F}.Release|Any CPU.ActiveCfg = Release|Any CPU
		{F31EB85A-D929-40F0-8712-55185853FC7F}.Release|Any CPU.Build.0 = Release|Any CPU
		{16625D07-964A-4419-B975-09244212C5EC}.Debug|Any CPU.ActiveCfg = Debug|Any CPU
		{16625D07-964A-4419-B975-09244212C5EC}.Debug|Any CPU.Build.0 = Debug|Any CPU
		{16625D07-964A-4419-B975-09244212C5EC}.Release|Any CPU.ActiveCfg = Release|Any CPU
		{16625D07-964A-4419-B975-09244212C5EC}.Release|Any CPU.Build.0 = Release|Any CPU
		{23B9CE5F-9092-4D0A-8324-7D400C280931}.Debug|Any CPU.ActiveCfg = Debug|Any CPU
		{23B9CE5F-9092-4D0A-8324-7D400C280931}.Debug|Any CPU.Build.0 = Debug|Any CPU
		{23B9CE5F-9092-4D0A-8324-7D400C280931}.Release|Any CPU.ActiveCfg = Release|Any CPU
		{23B9CE5F-9092-4D0A-8324-7D400C280931}.Release|Any CPU.Build.0 = Release|Any CPU
		{F483583E-F9C4-4222-B739-06A2E94BE764}.Debug|Any CPU.ActiveCfg = Debug|Any CPU
		{F483583E-F9C4-4222-B739-06A2E94BE764}.Debug|Any CPU.Build.0 = Debug|Any CPU
		{F483583E-F9C4-4222-B739-06A2E94BE764}.Release|Any CPU.ActiveCfg = Release|Any CPU
		{F483583E-F9C4-4222-B739-06A2E94BE764}.Release|Any CPU.Build.0 = Release|Any CPU
		{14BB09C7-C7A8-4BD1-9F89-E0FDC3109324}.Debug|Any CPU.ActiveCfg = Debug|Any CPU
		{14BB09C7-C7A8-4BD1-9F89-E0FDC3109324}.Debug|Any CPU.Build.0 = Debug|Any CPU
		{14BB09C7-C7A8-4BD1-9F89-E0FDC3109324}.Release|Any CPU.ActiveCfg = Release|Any CPU
		{14BB09C7-C7A8-4BD1-9F89-E0FDC3109324}.Release|Any CPU.Build.0 = Release|Any CPU
	EndGlobalSection
	GlobalSection(SolutionProperties) = preSolution
		HideSolutionNode = FALSE
	EndGlobalSection
	GlobalSection(NestedProjects) = preSolution
		{01377290-12A9-4954-B80C-361D647D69BE} = {058314E1-8E8B-4B94-9C9E-1685A0ED31A8}
		{A8C523E7-C9D1-4872-9FCC-73822F48C0B8} = {39CE87C4-E404-491E-9317-D31BAF418FE6}
		{F31EB85A-D929-40F0-8712-55185853FC7F} = {9640D59F-FEDB-4CFF-B186-6CA6D4B8F5F6}
		{16625D07-964A-4419-B975-09244212C5EC} = {9640D59F-FEDB-4CFF-B186-6CA6D4B8F5F6}
		{23B9CE5F-9092-4D0A-8324-7D400C280931} = {058314E1-8E8B-4B94-9C9E-1685A0ED31A8}
		{058314E1-8E8B-4B94-9C9E-1685A0ED31A8} = {FA78EB76-6741-46D8-AE63-732F66854BCB}
		{9640D59F-FEDB-4CFF-B186-6CA6D4B8F5F6} = {FA78EB76-6741-46D8-AE63-732F66854BCB}
		{39CE87C4-E404-491E-9317-D31BAF418FE6} = {FA78EB76-6741-46D8-AE63-732F66854BCB}
		{F483583E-F9C4-4222-B739-06A2E94BE764} = {9640D59F-FEDB-4CFF-B186-6CA6D4B8F5F6}
		{14BB09C7-C7A8-4BD1-9F89-E0FDC3109324} = {35168013-D344-4891-B715-4011F44C36E0}
	EndGlobalSection
	GlobalSection(ExtensibilityGlobals) = postSolution
		SolutionGuid = {377C2C57-BE62-40A6-A460-FB576D0FE7EA}
	EndGlobalSection
EndGlobal
